
Microsoft Visual Studio Solution File, Format Version 12.00
# Visual Studio Version 17
VisualStudioVersion = 17.0.31903.59
MinimumVisualStudioVersion = 10.0.40219.1
Project("{2150E333-8FDC-42A3-9474-1A3956D46DE8}") = "src", "src", "{827E0CD3-B72D-47B6-A68D-7590B98EB39B}"
EndProject
Project("{FAE04EC0-301F-11D3-BF4B-00C04F79EFBC}") = "UnfuckMyTime.Core", "src\UnfuckMyTime.Core\UnfuckMyTime.Core.csproj", "{08B6DCD8-2B95-4ED7-B853-4064D35813FA}"
EndProject
Project("{FAE04EC0-301F-11D3-BF4B-00C04F79EFBC}") = "UnfuckMyTime.Infrastructure", "src\UnfuckMyTime.Infrastructure\UnfuckMyTime.Infrastructure.csproj", "{5A3D096A-2195-41CA-8F2B-90DE0EAFFD90}"
EndProject
Project("{2150E333-8FDC-42A3-9474-1A3956D46DE8}") = "tests", "tests", "{0AB3BF05-4346-4AA6-1389-037BE0695223}"
EndProject
Project("{FAE04EC0-301F-11D3-BF4B-00C04F79EFBC}") = "UnfuckMyTime.Tests", "tests\UnfuckMyTime.Tests\UnfuckMyTime.Tests.csproj", "{E0C58301-8EBB-446E-A477-6668BC989A0D}"
EndProject
Project("{FAE04EC0-301F-11D3-BF4B-00C04F79EFBC}") = "UnfuckMyTime.UI", "src\UnfuckMyTime.UI\UnfuckMyTime.UI.csproj", "{41B41F38-2FDC-4B4C-9FE6-372A24A073A0}"
EndProject
Global
	GlobalSection(SolutionConfigurationPlatforms) = preSolution
		Debug|Any CPU = Debug|Any CPU
		Debug|x64 = Debug|x64
		Debug|x86 = Debug|x86
		Release|Any CPU = Release|Any CPU
		Release|x64 = Release|x64
		Release|x86 = Release|x86
	EndGlobalSection
	GlobalSection(ProjectConfigurationPlatforms) = postSolution
		{08B6DCD8-2B95-4ED7-B853-4064D35813FA}.Debug|Any CPU.ActiveCfg = Debug|Any CPU
		{08B6DCD8-2B95-4ED7-B853-4064D35813FA}.Debug|Any CPU.Build.0 = Debug|Any CPU
		{08B6DCD8-2B95-4ED7-B853-4064D35813FA}.Debug|x64.ActiveCfg = Debug|Any CPU
		{08B6DCD8-2B95-4ED7-B853-4064D35813FA}.Debug|x64.Build.0 = Debug|Any CPU
		{08B6DCD8-2B95-4ED7-B853-4064D35813FA}.Debug|x86.ActiveCfg = Debug|Any CPU
		{08B6DCD8-2B95-4ED7-B853-4064D35813FA}.Debug|x86.Build.0 = Debug|Any CPU
		{08B6DCD8-2B95-4ED7-B853-4064D35813FA}.Release|Any CPU.ActiveCfg = Release|Any CPU
		{08B6DCD8-2B95-4ED7-B853-4064D35813FA}.Release|Any CPU.Build.0 = Release|Any CPU
		{08B6DCD8-2B95-4ED7-B853-4064D35813FA}.Release|x64.ActiveCfg = Release|Any CPU
		{08B6DCD8-2B95-4ED7-B853-4064D35813FA}.Release|x64.Build.0 = Release|Any CPU
		{08B6DCD8-2B95-4ED7-B853-4064D35813FA}.Release|x86.ActiveCfg = Release|Any CPU
		{08B6DCD8-2B95-4ED7-B853-4064D35813FA}.Release|x86.Build.0 = Release|Any CPU
		{5A3D096A-2195-41CA-8F2B-90DE0EAFFD90}.Debug|Any CPU.ActiveCfg = Debug|Any CPU
		{5A3D096A-2195-41CA-8F2B-90DE0EAFFD90}.Debug|Any CPU.Build.0 = Debug|Any CPU
		{5A3D096A-2195-41CA-8F2B-90DE0EAFFD90}.Debug|x64.ActiveCfg = Debug|Any CPU
		{5A3D096A-2195-41CA-8F2B-90DE0EAFFD90}.Debug|x64.Build.0 = Debug|Any CPU
		{5A3D096A-2195-41CA-8F2B-90DE0EAFFD90}.Debug|x86.ActiveCfg = Debug|Any CPU
		{5A3D096A-2195-41CA-8F2B-90DE0EAFFD90}.Debug|x86.Build.0 = Debug|Any CPU
		{5A3D096A-2195-41CA-8F2B-90DE0EAFFD90}.Release|Any CPU.ActiveCfg = Release|Any CPU
		{5A3D096A-2195-41CA-8F2B-90DE0EAFFD90}.Release|Any CPU.Build.0 = Release|Any CPU
		{5A3D096A-2195-41CA-8F2B-90DE0EAFFD90}.Release|x64.ActiveCfg = Release|Any CPU
		{5A3D096A-2195-41CA-8F2B-90DE0EAFFD90}.Release|x64.Build.0 = Release|Any CPU
		{5A3D096A-2195-41CA-8F2B-90DE0EAFFD90}.Release|x86.ActiveCfg = Release|Any CPU
		{5A3D096A-2195-41CA-8F2B-90DE0EAFFD90}.Release|x86.Build.0 = Release|Any CPU
		{E0C58301-8EBB-446E-A477-6668BC989A0D}.Debug|Any CPU.ActiveCfg = Debug|Any CPU
		{E0C58301-8EBB-446E-A477-6668BC989A0D}.Debug|Any CPU.Build.0 = Debug|Any CPU
		{E0C58301-8EBB-446E-A477-6668BC989A0D}.Debug|x64.ActiveCfg = Debug|Any CPU
		{E0C58301-8EBB-446E-A477-6668BC989A0D}.Debug|x64.Build.0 = Debug|Any CPU
		{E0C58301-8EBB-446E-A477-6668BC989A0D}.Debug|x86.ActiveCfg = Debug|Any CPU
		{E0C58301-8EBB-446E-A477-6668BC989A0D}.Debug|x86.Build.0 = Debug|Any CPU
		{E0C58301-8EBB-446E-A477-6668BC989A0D}.Release|Any CPU.ActiveCfg = Release|Any CPU
		{E0C58301-8EBB-446E-A477-6668BC989A0D}.Release|Any CPU.Build.0 = Release|Any CPU
		{E0C58301-8EBB-446E-A477-6668BC989A0D}.Release|x64.ActiveCfg = Release|Any CPU
		{E0C58301-8EBB-446E-A477-6668BC989A0D}.Release|x64.Build.0 = Release|Any CPU
		{E0C58301-8EBB-446E-A477-6668BC989A0D}.Release|x86.ActiveCfg = Release|Any CPU
		{E0C58301-8EBB-446E-A477-6668BC989A0D}.Release|x86.Build.0 = Release|Any CPU
		{41B41F38-2FDC-4B4C-9FE6-372A24A073A0}.Debug|Any CPU.ActiveCfg = Debug|Any CPU
		{41B41F38-2FDC-4B4C-9FE6-372A24A073A0}.Debug|Any CPU.Build.0 = Debug|Any CPU
		{41B41F38-2FDC-4B4C-9FE6-372A24A073A0}.Debug|x64.ActiveCfg = Debug|Any CPU
		{41B41F38-2FDC-4B4C-9FE6-372A24A073A0}.Debug|x64.Build.0 = Debug|Any CPU
		{41B41F38-2FDC-4B4C-9FE6-372A24A073A0}.Debug|x86.ActiveCfg = Debug|Any CPU
		{41B41F38-2FDC-4B4C-9FE6-372A24A073A0}.Debug|x86.Build.0 = Debug|Any CPU
		{41B41F38-2FDC-4B4C-9FE6-372A24A073A0}.Release|Any CPU.ActiveCfg = Release|Any CPU
		{41B41F38-2FDC-4B4C-9FE6-372A24A073A0}.Release|Any CPU.Build.0 = Release|Any CPU
		{41B41F38-2FDC-4B4C-9FE6-372A24A073A0}.Release|x64.ActiveCfg = Release|Any CPU
		{41B41F38-2FDC-4B4C-9FE6-372A24A073A0}.Release|x64.Build.0 = Release|Any CPU
		{41B41F38-2FDC-4B4C-9FE6-372A24A073A0}.Release|x86.ActiveCfg = Release|Any CPU
		{41B41F38-2FDC-4B4C-9FE6-372A24A073A0}.Release|x86.Build.0 = Release|Any CPU
	EndGlobalSection
	GlobalSection(SolutionProperties) = preSolution
		HideSolutionNode = FALSE
	EndGlobalSection
	GlobalSection(NestedProjects) = preSolution
		{08B6DCD8-2B95-4ED7-B853-4064D35813FA} = {827E0CD3-B72D-47B6-A68D-7590B98EB39B}
		{5A3D096A-2195-41CA-8F2B-90DE0EAFFD90} = {827E0CD3-B72D-47B6-A68D-7590B98EB39B}
		{E0C58301-8EBB-446E-A477-6668BC989A0D} = {0AB3BF05-4346-4AA6-1389-037BE0695223}
		{41B41F38-2FDC-4B4C-9FE6-372A24A073A0} = {827E0CD3-B72D-47B6-A68D-7590B98EB39B}
	EndGlobalSection
EndGlobal
